
Microsoft Visual Studio Solution File, Format Version 12.00
# Visual Studio Version 17
VisualStudioVersion = 17.10.35027.167
MinimumVisualStudioVersion = 10.0.40219.1
Project("{FAE04EC0-301F-11D3-BF4B-00C04F79EFBC}") = "AriCoffeeShop", "AriCoffeeShop\AriCoffeeShop.csproj", "{C9ACD680-7E47-4B90-836F-CC6E050A320A}"
EndProject
Global
	GlobalSection(SolutionConfigurationPlatforms) = preSolution
		Debug|Any CPU = Debug|Any CPU
		Release|Any CPU = Release|Any CPU
	EndGlobalSection
	GlobalSection(ProjectConfigurationPlatforms) = postSolution
		{C9ACD680-7E47-4B90-836F-CC6E050A320A}.Debug|Any CPU.ActiveCfg = Debug|Any CPU
		{C9ACD680-7E47-4B90-836F-CC6E050A320A}.Debug|Any CPU.Build.0 = Debug|Any CPU
		{C9ACD680-7E47-4B90-836F-CC6E050A320A}.Release|Any CPU.ActiveCfg = Release|Any CPU
		{C9ACD680-7E47-4B90-836F-CC6E050A320A}.Release|Any CPU.Build.0 = Release|Any CPU
	EndGlobalSection
	GlobalSection(SolutionProperties) = preSolution
		HideSolutionNode = FALSE
	EndGlobalSection
	GlobalSection(ExtensibilityGlobals) = postSolution
		SolutionGuid = {CC4F0D7D-E896-4631-9788-A27F82E84EF5}
	EndGlobalSection
EndGlobal
